
Microsoft Visual Studio Solution File, Format Version 12.00
# Visual Studio Version 17
VisualStudioVersion = 17.13.36105.23 d17.13
MinimumVisualStudioVersion = 10.0.40219.1
Project("{F184B08F-C81C-45F6-A57F-5ABD9991F28F}") = "Nimbus FTP Client", "Nimbus FTP Client\Nimbus FTP Client.vbproj", "{4C68E122-C0C0-484F-AA2F-D877918A3F3B}"
EndProject
Global
	GlobalSection(SolutionConfigurationPlatforms) = preSolution
		Debug|Any CPU = Debug|Any CPU
		Release|Any CPU = Release|Any CPU
	EndGlobalSection
	GlobalSection(ProjectConfigurationPlatforms) = postSolution
		{4C68E122-C0C0-484F-AA2F-D877918A3F3B}.Debug|Any CPU.ActiveCfg = Debug|Any CPU
		{4C68E122-C0C0-484F-AA2F-D877918A3F3B}.Debug|Any CPU.Build.0 = Debug|Any CPU
		{4C68E122-C0C0-484F-AA2F-D877918A3F3B}.Release|Any CPU.ActiveCfg = Release|Any CPU
		{4C68E122-C0C0-484F-AA2F-D877918A3F3B}.Release|Any CPU.Build.0 = Release|Any CPU
	EndGlobalSection
	GlobalSection(SolutionProperties) = preSolution
		HideSolutionNode = FALSE
	EndGlobalSection
	GlobalSection(ExtensibilityGlobals) = postSolution
		SolutionGuid = {07E83449-236B-4792-B42C-F9E4E4FF9E4C}
	EndGlobalSection
EndGlobal
